
Microsoft Visual Studio Solution File, Format Version 12.00
# Visual Studio Version 17
VisualStudioVersion = 17.9.34902.65
MinimumVisualStudioVersion = 10.0.40219.1
Project("{8BC9CEB8-8B4A-11D0-8D11-00A0C91BC942}") = "MiscAudioConverter", "MiscAudioConverter.vcxproj", "{80B5B911-6433-486A-8D69-333AD6F4824D}"
EndProject
Global
	GlobalSection(SolutionConfigurationPlatforms) = preSolution
		Debug|x64 = Debug|x64
		Debug|x86 = Debug|x86
		Release|x64 = Release|x64
		Release|x86 = Release|x86
	EndGlobalSection
	GlobalSection(ProjectConfigurationPlatforms) = postSolution
		{80B5B911-6433-486A-8D69-333AD6F4824D}.Debug|x64.ActiveCfg = Debug|x64
		{80B5B911-6433-486A-8D69-333AD6F4824D}.Debug|x64.Build.0 = Debug|x64
		{80B5B911-6433-486A-8D69-333AD6F4824D}.Debug|x86.ActiveCfg = Debug|Win32
		{80B5B911-6433-486A-8D69-333AD6F4824D}.Debug|x86.Build.0 = Debug|Win32
		{80B5B911-6433-486A-8D69-333AD6F4824D}.Release|x64.ActiveCfg = Release|x64
		{80B5B911-6433-486A-8D69-333AD6F4824D}.Release|x64.Build.0 = Release|x64
		{80B5B911-6433-486A-8D69-333AD6F4824D}.Release|x86.ActiveCfg = Release|Win32
		{80B5B911-6433-486A-8D69-333AD6F4824D}.Release|x86.Build.0 = Release|Win32
	EndGlobalSection
	GlobalSection(SolutionProperties) = preSolution
		HideSolutionNode = FALSE
	EndGlobalSection
	GlobalSection(ExtensibilityGlobals) = postSolution
		SolutionGuid = {FB0916CD-B182-4AAC-9A38-A5C111AAB604}
	EndGlobalSection
EndGlobal
